
Microsoft Visual Studio Solution File, Format Version 12.00
# Visual Studio Version 16
VisualStudioVersion = 16.0.30804.86
MinimumVisualStudioVersion = 10.0.40219.1
Project("{FAE04EC0-301F-11D3-BF4B-00C04F79EFBC}") = "Cyotek.DownDetector.Client", "gui\Cyotek.DownDetector.Client.csproj", "{C32C8721-BD50-42B6-86E6-87A60AA2A7C8}"
EndProject
Project("{FAE04EC0-301F-11D3-BF4B-00C04F79EFBC}") = "Cyotek.DownDetector", "src\Cyotek.DownDetector.csproj", "{A51B86B2-B7CA-4286-93B3-630B73BFD5CB}"
EndProject
Global
	GlobalSection(SolutionConfigurationPlatforms) = preSolution
		Debug|Any CPU = Debug|Any CPU
		Release|Any CPU = Release|Any CPU
	EndGlobalSection
	GlobalSection(ProjectConfigurationPlatforms) = postSolution
		{C32C8721-BD50-42B6-86E6-87A60AA2A7C8}.Debug|Any CPU.ActiveCfg = Debug|Any CPU
		{C32C8721-BD50-42B6-86E6-87A60AA2A7C8}.Debug|Any CPU.Build.0 = Debug|Any CPU
		{C32C8721-BD50-42B6-86E6-87A60AA2A7C8}.Release|Any CPU.ActiveCfg = Release|Any CPU
		{C32C8721-BD50-42B6-86E6-87A60AA2A7C8}.Release|Any CPU.Build.0 = Release|Any CPU
		{A51B86B2-B7CA-4286-93B3-630B73BFD5CB}.Debug|Any CPU.ActiveCfg = Debug|Any CPU
		{A51B86B2-B7CA-4286-93B3-630B73BFD5CB}.Debug|Any CPU.Build.0 = Debug|Any CPU
		{A51B86B2-B7CA-4286-93B3-630B73BFD5CB}.Release|Any CPU.ActiveCfg = Release|Any CPU
		{A51B86B2-B7CA-4286-93B3-630B73BFD5CB}.Release|Any CPU.Build.0 = Release|Any CPU
	EndGlobalSection
	GlobalSection(SolutionProperties) = preSolution
		HideSolutionNode = FALSE
	EndGlobalSection
	GlobalSection(ExtensibilityGlobals) = postSolution
		SolutionGuid = {B5ABAE2A-2F9B-4282-94DF-2DF3777CEE98}
	EndGlobalSection
EndGlobal
